
Microsoft Visual Studio Solution File, Format Version 12.00
# Visual Studio Version 17
VisualStudioVersion = 17.2.32616.157
MinimumVisualStudioVersion = 10.0.40219.1
Project("{FAE04EC0-301F-11D3-BF4B-00C04F79EFBC}") = "FileManager", "FileManager\FileManager.csproj", "{1D6D6075-A058-4153-9535-0024DF4DF02D}"
EndProject
Global
	GlobalSection(SolutionConfigurationPlatforms) = preSolution
		Debug|Any CPU = Debug|Any CPU
		Release|Any CPU = Release|Any CPU
	EndGlobalSection
	GlobalSection(ProjectConfigurationPlatforms) = postSolution
		{1D6D6075-A058-4153-9535-0024DF4DF02D}.Debug|Any CPU.ActiveCfg = Debug|Any CPU
		{1D6D6075-A058-4153-9535-0024DF4DF02D}.Debug|Any CPU.Build.0 = Debug|Any CPU
		{1D6D6075-A058-4153-9535-0024DF4DF02D}.Release|Any CPU.ActiveCfg = Release|Any CPU
		{1D6D6075-A058-4153-9535-0024DF4DF02D}.Release|Any CPU.Build.0 = Release|Any CPU
	EndGlobalSection
	GlobalSection(SolutionProperties) = preSolution
		HideSolutionNode = FALSE
	EndGlobalSection
	GlobalSection(ExtensibilityGlobals) = postSolution
		SolutionGuid = {6340AAFB-2F3F-46DC-8421-21DAD49FA3EB}
	EndGlobalSection
EndGlobal
